
Microsoft Visual Studio Solution File, Format Version 12.00
# Visual Studio Version 17
VisualStudioVersion = 17.10.35122.118
MinimumVisualStudioVersion = 10.0.40219.1
Project("{9A19103F-16F7-4668-BE54-9A1E7A4F7556}") = "Fatagram.Domain", "Fatagram.Domain\Fatagram.Domain.csproj", "{1A37C19D-4E74-4C60-AA97-401D3355CA14}"
EndProject
Project("{9A19103F-16F7-4668-BE54-9A1E7A4F7556}") = "Fatagram.Application", "Fatagram.Application\Fatagram.Application.csproj", "{D5256CAB-2567-47AF-9AF4-1AB1DA5CD84B}"
EndProject
Project("{9A19103F-16F7-4668-BE54-9A1E7A4F7556}") = "Fatagram.Infrastructure", "Fatagram.Infrastructure\Fatagram.Infrastructure.csproj", "{3C3C5486-828B-4CD3-A00A-BAA55248437A}"
EndProject
Project("{9A19103F-16F7-4668-BE54-9A1E7A4F7556}") = "Fatagram.API", "Fatagram.API\Fatagram.API.csproj", "{6328EE45-C355-4415-8B8A-BFD150B35D3A}"
EndProject
Project("{9A19103F-16F7-4668-BE54-9A1E7A4F7556}") = "Fatagram.Shared", "Fatagram.Shared\Fatagram.Shared.csproj", "{C76AAD79-0DEA-4A2B-AD4E-BF5547E9B3A4}"
EndProject
Global
	GlobalSection(SolutionConfigurationPlatforms) = preSolution
		Debug|Any CPU = Debug|Any CPU
		Release|Any CPU = Release|Any CPU
	EndGlobalSection
	GlobalSection(ProjectConfigurationPlatforms) = postSolution
		{1A37C19D-4E74-4C60-AA97-401D3355CA14}.Debug|Any CPU.ActiveCfg = Debug|Any CPU
		{1A37C19D-4E74-4C60-AA97-401D3355CA14}.Debug|Any CPU.Build.0 = Debug|Any CPU
		{1A37C19D-4E74-4C60-AA97-401D3355CA14}.Release|Any CPU.ActiveCfg = Release|Any CPU
		{1A37C19D-4E74-4C60-AA97-401D3355CA14}.Release|Any CPU.Build.0 = Release|Any CPU
		{D5256CAB-2567-47AF-9AF4-1AB1DA5CD84B}.Debug|Any CPU.ActiveCfg = Debug|Any CPU
		{D5256CAB-2567-47AF-9AF4-1AB1DA5CD84B}.Debug|Any CPU.Build.0 = Debug|Any CPU
		{D5256CAB-2567-47AF-9AF4-1AB1DA5CD84B}.Release|Any CPU.ActiveCfg = Release|Any CPU
		{D5256CAB-2567-47AF-9AF4-1AB1DA5CD84B}.Release|Any CPU.Build.0 = Release|Any CPU
		{3C3C5486-828B-4CD3-A00A-BAA55248437A}.Debug|Any CPU.ActiveCfg = Debug|Any CPU
		{3C3C5486-828B-4CD3-A00A-BAA55248437A}.Debug|Any CPU.Build.0 = Debug|Any CPU
		{3C3C5486-828B-4CD3-A00A-BAA55248437A}.Release|Any CPU.ActiveCfg = Release|Any CPU
		{3C3C5486-828B-4CD3-A00A-BAA55248437A}.Release|Any CPU.Build.0 = Release|Any CPU
		{6328EE45-C355-4415-8B8A-BFD150B35D3A}.Debug|Any CPU.ActiveCfg = Debug|Any CPU
		{6328EE45-C355-4415-8B8A-BFD150B35D3A}.Debug|Any CPU.Build.0 = Debug|Any CPU
		{6328EE45-C355-4415-8B8A-BFD150B35D3A}.Release|Any CPU.ActiveCfg = Release|Any CPU
		{6328EE45-C355-4415-8B8A-BFD150B35D3A}.Release|Any CPU.Build.0 = Release|Any CPU
		{C76AAD79-0DEA-4A2B-AD4E-BF5547E9B3A4}.Debug|Any CPU.ActiveCfg = Debug|Any CPU
		{C76AAD79-0DEA-4A2B-AD4E-BF5547E9B3A4}.Debug|Any CPU.Build.0 = Debug|Any CPU
		{C76AAD79-0DEA-4A2B-AD4E-BF5547E9B3A4}.Release|Any CPU.ActiveCfg = Release|Any CPU
		{C76AAD79-0DEA-4A2B-AD4E-BF5547E9B3A4}.Release|Any CPU.Build.0 = Release|Any CPU
	EndGlobalSection
	GlobalSection(SolutionProperties) = preSolution
		HideSolutionNode = FALSE
	EndGlobalSection
	GlobalSection(ExtensibilityGlobals) = postSolution
		SolutionGuid = {7BD0A40E-16AE-47CB-A4DD-52AF318D461E}
	EndGlobalSection
EndGlobal
